// !$*UTF8*$!
{
	archiveVersion = 1;
	classes = {
	};
	objectVersion = 51;
	objects = {

/* Begin PBXBuildFile section */
		3F12B35F1FDDB7C3794AF262 /* Pods_PlantersHandbook.framework in Frameworks */ = {isa = PBXBuildFile; fileRef = 68A7BB0D8150E9562C3963A3 /* Pods_PlantersHandbook.framework */; };
		860BEC5325A9442700B3D699 /* AppDelegate.swift in Sources */ = {isa = PBXBuildFile; fileRef = 860BEC5225A9442700B3D699 /* AppDelegate.swift */; };
		860BEC5525A9442700B3D699 /* SceneDelegate.swift in Sources */ = {isa = PBXBuildFile; fileRef = 860BEC5425A9442700B3D699 /* SceneDelegate.swift */; };
		860BEC5C25A9442900B3D699 /* Assets.xcassets in Resources */ = {isa = PBXBuildFile; fileRef = 860BEC5B25A9442900B3D699 /* Assets.xcassets */; };
		860BEC5F25A9442900B3D699 /* LaunchScreen.storyboard in Resources */ = {isa = PBXBuildFile; fileRef = 860BEC5D25A9442900B3D699 /* LaunchScreen.storyboard */; };
		860BEC6A25A9442A00B3D699 /* PlantersHandbookTests.swift in Sources */ = {isa = PBXBuildFile; fileRef = 860BEC6925A9442A00B3D699 /* PlantersHandbookTests.swift */; };
		860BEC7525A9442A00B3D699 /* PlantersHandbookUITests.swift in Sources */ = {isa = PBXBuildFile; fileRef = 860BEC7425A9442A00B3D699 /* PlantersHandbookUITests.swift */; };
		860BECC725A94B0400B3D699 /* SUIScrollVIews.swift in Sources */ = {isa = PBXBuildFile; fileRef = 860BECC625A94B0400B3D699 /* SUIScrollVIews.swift */; };
		860BECCF25A94B0F00B3D699 /* SUITextFields.swift in Sources */ = {isa = PBXBuildFile; fileRef = 860BECCE25A94B0F00B3D699 /* SUITextFields.swift */; };
		860BECD425A94B1A00B3D699 /* SUIButtons.swift in Sources */ = {isa = PBXBuildFile; fileRef = 860BECD325A94B1A00B3D699 /* SUIButtons.swift */; };
		860BECD925A94B2400B3D699 /* SUILabels.swift in Sources */ = {isa = PBXBuildFile; fileRef = 860BECD825A94B2400B3D699 /* SUILabels.swift */; };
		860BECDE25A94B2E00B3D699 /* SUITableViews.swift in Sources */ = {isa = PBXBuildFile; fileRef = 860BECDD25A94B2E00B3D699 /* SUITableViews.swift */; };
		860BECE425A94B4900B3D699 /* SUICollectionViews.swift in Sources */ = {isa = PBXBuildFile; fileRef = 860BECE325A94B4900B3D699 /* SUICollectionViews.swift */; };
		860BECED25A94BB200B3D699 /* WelcomeVC.swift in Sources */ = {isa = PBXBuildFile; fileRef = 860BECEC25A94BB200B3D699 /* WelcomeVC.swift */; };
		860BECF525A94BCE00B3D699 /* LoginVC.swift in Sources */ = {isa = PBXBuildFile; fileRef = 860BECF425A94BCE00B3D699 /* LoginVC.swift */; };
		860BECFA25A94BE600B3D699 /* SignUpVC.swift in Sources */ = {isa = PBXBuildFile; fileRef = 860BECF925A94BE600B3D699 /* SignUpVC.swift */; };
		860BECFF25A94C2400B3D699 /* StatisticsVC.swift in Sources */ = {isa = PBXBuildFile; fileRef = 860BECFE25A94C2400B3D699 /* StatisticsVC.swift */; };
		860BED1125A94CBD00B3D699 /* HandbookVC.swift in Sources */ = {isa = PBXBuildFile; fileRef = 860BED1025A94CBD00B3D699 /* HandbookVC.swift */; };
		860BED1625A94D3700B3D699 /* User.swift in Sources */ = {isa = PBXBuildFile; fileRef = 860BED1525A94D3700B3D699 /* User.swift */; };
		860BED1B25A94DA500B3D699 /* Season.swift in Sources */ = {isa = PBXBuildFile; fileRef = 860BED1A25A94DA500B3D699 /* Season.swift */; };
		860BED2025A94DB900B3D699 /* HandbookEntry.swift in Sources */ = {isa = PBXBuildFile; fileRef = 860BED1F25A94DB900B3D699 /* HandbookEntry.swift */; };
		860BED2525A94E0F00B3D699 /* Block.swift in Sources */ = {isa = PBXBuildFile; fileRef = 860BED2425A94E0F00B3D699 /* Block.swift */; };
		860BED2A25A94E1C00B3D699 /* SubBlock.swift in Sources */ = {isa = PBXBuildFile; fileRef = 860BED2925A94E1C00B3D699 /* SubBlock.swift */; };
		860BED2F25A94E2A00B3D699 /* Cache.swift in Sources */ = {isa = PBXBuildFile; fileRef = 860BED2E25A94E2A00B3D699 /* Cache.swift */; };
		860BED3425A9512E00B3D699 /* HandbookNC.swift in Sources */ = {isa = PBXBuildFile; fileRef = 860BED3325A9512E00B3D699 /* HandbookNC.swift */; };
		860BED3925A9514600B3D699 /* StatisticsNC.swift in Sources */ = {isa = PBXBuildFile; fileRef = 860BED3825A9514600B3D699 /* StatisticsNC.swift */; };
		860BED3E25A9526F00B3D699 /* HomeTBC.swift in Sources */ = {isa = PBXBuildFile; fileRef = 860BED3D25A9526F00B3D699 /* HomeTBC.swift */; };
		860BED4425A9531900B3D699 /* ProgramicVCInterface.swift in Sources */ = {isa = PBXBuildFile; fileRef = 860BED4325A9531900B3D699 /* ProgramicVCInterface.swift */; };
		860BED5925A9568400B3D699 /* BlockManagerVC.swift in Sources */ = {isa = PBXBuildFile; fileRef = 860BED5825A9568400B3D699 /* BlockManagerVC.swift */; };
		860BED5E25A9569100B3D699 /* SubBlockManagerVC.swift in Sources */ = {isa = PBXBuildFile; fileRef = 860BED5D25A9569100B3D699 /* SubBlockManagerVC.swift */; };
		860BED6325A956A400B3D699 /* CacheManagerVC.swift in Sources */ = {isa = PBXBuildFile; fileRef = 860BED6225A956A400B3D699 /* CacheManagerVC.swift */; };
		860BED6825A9570200B3D699 /* TallySheetVC.swift in Sources */ = {isa = PBXBuildFile; fileRef = 860BED6725A9570200B3D699 /* TallySheetVC.swift */; };
		860BED6D25A9573300B3D699 /* PlotsModal.swift in Sources */ = {isa = PBXBuildFile; fileRef = 860BED6C25A9573300B3D699 /* PlotsModal.swift */; };
		860BED7225A9577300B3D699 /* GPSTreeTrackingModal.swift in Sources */ = {isa = PBXBuildFile; fileRef = 860BED7125A9577200B3D699 /* GPSTreeTrackingModal.swift */; };
		860BED7A25AA296A00B3D699 /* PasswordResetVC.swift in Sources */ = {isa = PBXBuildFile; fileRef = 860BED7925AA296A00B3D699 /* PasswordResetVC.swift */; };
		8637690F25C5B37200580108 /* PlotCell.swift in Sources */ = {isa = PBXBuildFile; fileRef = 8637690E25C5B37200580108 /* PlotCell.swift */; };
		8637691425C5B3E700580108 /* UnderlineTextCell.swift in Sources */ = {isa = PBXBuildFile; fileRef = 8637691325C5B3E700580108 /* UnderlineTextCell.swift */; };
		8637691925C5B96100580108 /* FloatExtensions.swift in Sources */ = {isa = PBXBuildFile; fileRef = 8637691825C5B96100580108 /* FloatExtensions.swift */; };
		8637692725C7420C00580108 /* CardCell.swift in Sources */ = {isa = PBXBuildFile; fileRef = 8637692625C7420C00580108 /* CardCell.swift */; };
		8637693425C7758300580108 /* hamburger_menu.png in Resources */ = {isa = PBXBuildFile; fileRef = 8637693325C7758300580108 /* hamburger_menu.png */; };
		8637693F25C7824500580108 /* GraphCardCell.swift in Sources */ = {isa = PBXBuildFile; fileRef = 8637693E25C7824500580108 /* GraphCardCell.swift */; };
		8637694425C784EC00580108 /* TotalCashCell.swift in Sources */ = {isa = PBXBuildFile; fileRef = 8637694325C784EC00580108 /* TotalCashCell.swift */; };
		8637695125C7852100580108 /* LineGraphCell.swift in Sources */ = {isa = PBXBuildFile; fileRef = 8637695025C7852100580108 /* LineGraphCell.swift */; };
		8637695625C7853200580108 /* PieChartCell.swift in Sources */ = {isa = PBXBuildFile; fileRef = 8637695525C7853200580108 /* PieChartCell.swift */; };
		8637695B25C7854700580108 /* OverallStatsCell.swift in Sources */ = {isa = PBXBuildFile; fileRef = 8637695A25C7854700580108 /* OverallStatsCell.swift */; };
		8637696025C7856200580108 /* HorizontalBarGraphCell.swift in Sources */ = {isa = PBXBuildFile; fileRef = 8637695F25C7856200580108 /* HorizontalBarGraphCell.swift */; };
		86672B7625CAFB7200D0C34C /* Config.swift in Sources */ = {isa = PBXBuildFile; fileRef = 86672B7525CAFB7200D0C34C /* Config.swift */; };
		86672BA425CC4BC200D0C34C /* SUICharts.swift in Sources */ = {isa = PBXBuildFile; fileRef = 86672BA325CC4BC200D0C34C /* SUICharts.swift */; };
		86672BA925CC9EBB00D0C34C /* SeasonsPickerViewModal.swift in Sources */ = {isa = PBXBuildFile; fileRef = 86672BA825CC9EBB00D0C34C /* SeasonsPickerViewModal.swift */; };
		86672BBD25CDB54900D0C34C /* SeasonStatistics.swift in Sources */ = {isa = PBXBuildFile; fileRef = 86672BBC25CDB54900D0C34C /* SeasonStatistics.swift */; };
		86672BC225CDB60300D0C34C /* AverageSeasonStatistics.swift in Sources */ = {isa = PBXBuildFile; fileRef = 86672BC125CDB60300D0C34C /* AverageSeasonStatistics.swift */; };
		86672BC725CDC2E500D0C34C /* HandbookEntryStatistics.swift in Sources */ = {isa = PBXBuildFile; fileRef = 86672BC625CDC2E500D0C34C /* HandbookEntryStatistics.swift */; };
		86854B9F25BA5A620089CF2D /* DoubleExtension.swift in Sources */ = {isa = PBXBuildFile; fileRef = 86854B9E25BA5A620089CF2D /* DoubleExtension.swift */; };
		86854BA725BA60680089CF2D /* StringExtension.swift in Sources */ = {isa = PBXBuildFile; fileRef = 86854BA625BA60680089CF2D /* StringExtension.swift */; };
		86C741AE25AB5D71000547F9 /* SUIViews.swift in Sources */ = {isa = PBXBuildFile; fileRef = 86C741AD25AB5D71000547F9 /* SUIViews.swift */; };
		86C741BB25AB7DA9000547F9 /* ProgramicVC.swift in Sources */ = {isa = PBXBuildFile; fileRef = 86C741BA25AB7DA9000547F9 /* ProgramicVC.swift */; };
		86C741C025AB7F0C000547F9 /* UIViewExtensions.swift in Sources */ = {isa = PBXBuildFile; fileRef = 86C741BF25AB7F0C000547F9 /* UIViewExtensions.swift */; };
		86C741E425AB8DD6000547F9 /* icons8-cash-app-50-white.png in Resources */ = {isa = PBXBuildFile; fileRef = 86C741D625AB8DD5000547F9 /* icons8-cash-app-50-white.png */; };
		86C741E525AB8DD6000547F9 /* icons8-tree-64-white.png in Resources */ = {isa = PBXBuildFile; fileRef = 86C741D725AB8DD5000547F9 /* icons8-tree-64-white.png */; };
		86C741E625AB8DD6000547F9 /* icons8-cent-100.png in Resources */ = {isa = PBXBuildFile; fileRef = 86C741D825AB8DD5000547F9 /* icons8-cent-100.png */; };
		86C741E725AB8DD6000547F9 /* icons8-forest-ranger-50.png in Resources */ = {isa = PBXBuildFile; fileRef = 86C741D925AB8DD5000547F9 /* icons8-forest-ranger-50.png */; };
		86C741E825AB8DD6000547F9 /* icons8-cash-app-100.png in Resources */ = {isa = PBXBuildFile; fileRef = 86C741DA25AB8DD5000547F9 /* icons8-cash-app-100.png */; };
		86C741E925AB8DD6000547F9 /* icons8-hay-52-white.png in Resources */ = {isa = PBXBuildFile; fileRef = 86C741DB25AB8DD5000547F9 /* icons8-hay-52-white.png */; };
		86C741EA25AB8DD6000547F9 /* icons8-floating-island-forest-64.png in Resources */ = {isa = PBXBuildFile; fileRef = 86C741DC25AB8DD6000547F9 /* icons8-floating-island-forest-64.png */; };
		86C741EB25AB8DD6000547F9 /* icons8-cent-50-white.png in Resources */ = {isa = PBXBuildFile; fileRef = 86C741DD25AB8DD6000547F9 /* icons8-cent-50-white.png */; };
		86C741EC25AB8DD6000547F9 /* icons8-oak-tree-64.png in Resources */ = {isa = PBXBuildFile; fileRef = 86C741DE25AB8DD6000547F9 /* icons8-oak-tree-64.png */; };
		86C741ED25AB8DD6000547F9 /* icons8-floating-island-forest-64-white.png in Resources */ = {isa = PBXBuildFile; fileRef = 86C741DF25AB8DD6000547F9 /* icons8-floating-island-forest-64-white.png */; };
		86C741EE25AB8DD6000547F9 /* icons8-hay-26.png in Resources */ = {isa = PBXBuildFile; fileRef = 86C741E025AB8DD6000547F9 /* icons8-hay-26.png */; };
		86C741EF25AB8DD6000547F9 /* icons8-tree-64.png in Resources */ = {isa = PBXBuildFile; fileRef = 86C741E125AB8DD6000547F9 /* icons8-tree-64.png */; };
		86C741F025AB8DD6000547F9 /* icons8-forest-ranger-50-white.png in Resources */ = {isa = PBXBuildFile; fileRef = 86C741E225AB8DD6000547F9 /* icons8-forest-ranger-50-white.png */; };
		86C741F125AB8DD6000547F9 /* icons8-oak-tree-64 (1).png in Resources */ = {isa = PBXBuildFile; fileRef = 86C741E325AB8DD6000547F9 /* icons8-oak-tree-64 (1).png */; };
		86C7420B25ABBC1F000547F9 /* GeneralFunctions.swift in Sources */ = {isa = PBXBuildFile; fileRef = 86C7420A25ABBC1F000547F9 /* GeneralFunctions.swift */; };
		86C7422125ABE8CF000547F9 /* GetCompanyVC.swift in Sources */ = {isa = PBXBuildFile; fileRef = 86C7422025ABE8CF000547F9 /* GetCompanyVC.swift */; };
		86C7424425ACF057000547F9 /* sep_icon.png in Resources */ = {isa = PBXBuildFile; fileRef = 86C7424325ACF057000547F9 /* sep_icon.png */; };
		86C7424925B090ED000547F9 /* SUITextViews.swift in Sources */ = {isa = PBXBuildFile; fileRef = 86C7424825B090EC000547F9 /* SUITextViews.swift */; };
		86C7425225B0B843000547F9 /* Enumerations.swift in Sources */ = {isa = PBXBuildFile; fileRef = 86C7425125B0B842000547F9 /* Enumerations.swift */; };
		86C7425E25B20E87000547F9 /* SeasonModal.swift in Sources */ = {isa = PBXBuildFile; fileRef = 86C7425D25B20E87000547F9 /* SeasonModal.swift */; };
		86C7427A25B673A7000547F9 /* TallyCell.swift in Sources */ = {isa = PBXBuildFile; fileRef = 86C7427925B673A7000547F9 /* TallyCell.swift */; };
		86D2220325BDEC9D003D7394 /* undo.png in Resources */ = {isa = PBXBuildFile; fileRef = 86D2220225BDEC9D003D7394 /* undo.png */; };
		86D2221025BF9AE4003D7394 /* RealmDatabase.swift in Sources */ = {isa = PBXBuildFile; fileRef = 86D2220F25BF9AE4003D7394 /* RealmDatabase.swift */; };
/* End PBXBuildFile section */

/* Begin PBXContainerItemProxy section */
		860BEC6625A9442A00B3D699 /* PBXContainerItemProxy */ = {
			isa = PBXContainerItemProxy;
			containerPortal = 860BEC4725A9442700B3D699 /* Project object */;
			proxyType = 1;
			remoteGlobalIDString = 860BEC4E25A9442700B3D699;
			remoteInfo = PlantersHandbook;
		};
		860BEC7125A9442A00B3D699 /* PBXContainerItemProxy */ = {
			isa = PBXContainerItemProxy;
			containerPortal = 860BEC4725A9442700B3D699 /* Project object */;
			proxyType = 1;
			remoteGlobalIDString = 860BEC4E25A9442700B3D699;
			remoteInfo = PlantersHandbook;
		};
/* End PBXContainerItemProxy section */

/* Begin PBXFileReference section */
		68A7BB0D8150E9562C3963A3 /* Pods_PlantersHandbook.framework */ = {isa = PBXFileReference; explicitFileType = wrapper.framework; includeInIndex = 0; path = Pods_PlantersHandbook.framework; sourceTree = BUILT_PRODUCTS_DIR; };
		69C45F9979AB7B6685111A79 /* Pods-PlantersHandbook.debug.xcconfig */ = {isa = PBXFileReference; includeInIndex = 1; lastKnownFileType = text.xcconfig; name = "Pods-PlantersHandbook.debug.xcconfig"; path = "Target Support Files/Pods-PlantersHandbook/Pods-PlantersHandbook.debug.xcconfig"; sourceTree = "<group>"; };
		6BC72DDD83592BC2123FED2C /* Pods-PlantersHandbook.release.xcconfig */ = {isa = PBXFileReference; includeInIndex = 1; lastKnownFileType = text.xcconfig; name = "Pods-PlantersHandbook.release.xcconfig"; path = "Target Support Files/Pods-PlantersHandbook/Pods-PlantersHandbook.release.xcconfig"; sourceTree = "<group>"; };
		860BEC4F25A9442700B3D699 /* PlantersHandbook.app */ = {isa = PBXFileReference; explicitFileType = wrapper.application; includeInIndex = 0; path = PlantersHandbook.app; sourceTree = BUILT_PRODUCTS_DIR; };
		860BEC5225A9442700B3D699 /* AppDelegate.swift */ = {isa = PBXFileReference; lastKnownFileType = sourcecode.swift; path = AppDelegate.swift; sourceTree = "<group>"; };
		860BEC5425A9442700B3D699 /* SceneDelegate.swift */ = {isa = PBXFileReference; lastKnownFileType = sourcecode.swift; path = SceneDelegate.swift; sourceTree = "<group>"; };
		860BEC5B25A9442900B3D699 /* Assets.xcassets */ = {isa = PBXFileReference; lastKnownFileType = folder.assetcatalog; path = Assets.xcassets; sourceTree = "<group>"; };
		860BEC5E25A9442900B3D699 /* Base */ = {isa = PBXFileReference; lastKnownFileType = file.storyboard; name = Base; path = Base.lproj/LaunchScreen.storyboard; sourceTree = "<group>"; };
		860BEC6025A9442900B3D699 /* Info.plist */ = {isa = PBXFileReference; lastKnownFileType = text.plist.xml; path = Info.plist; sourceTree = "<group>"; };
		860BEC6525A9442A00B3D699 /* PlantersHandbookTests.xctest */ = {isa = PBXFileReference; explicitFileType = wrapper.cfbundle; includeInIndex = 0; path = PlantersHandbookTests.xctest; sourceTree = BUILT_PRODUCTS_DIR; };
		860BEC6925A9442A00B3D699 /* PlantersHandbookTests.swift */ = {isa = PBXFileReference; lastKnownFileType = sourcecode.swift; path = PlantersHandbookTests.swift; sourceTree = "<group>"; };
		860BEC6B25A9442A00B3D699 /* Info.plist */ = {isa = PBXFileReference; lastKnownFileType = text.plist.xml; path = Info.plist; sourceTree = "<group>"; };
		860BEC7025A9442A00B3D699 /* PlantersHandbookUITests.xctest */ = {isa = PBXFileReference; explicitFileType = wrapper.cfbundle; includeInIndex = 0; path = PlantersHandbookUITests.xctest; sourceTree = BUILT_PRODUCTS_DIR; };
		860BEC7425A9442A00B3D699 /* PlantersHandbookUITests.swift */ = {isa = PBXFileReference; lastKnownFileType = sourcecode.swift; path = PlantersHandbookUITests.swift; sourceTree = "<group>"; };
		860BEC7625A9442A00B3D699 /* Info.plist */ = {isa = PBXFileReference; lastKnownFileType = text.plist.xml; path = Info.plist; sourceTree = "<group>"; };
		860BECC625A94B0400B3D699 /* SUIScrollVIews.swift */ = {isa = PBXFileReference; lastKnownFileType = sourcecode.swift; path = SUIScrollVIews.swift; sourceTree = "<group>"; };
		860BECCE25A94B0F00B3D699 /* SUITextFields.swift */ = {isa = PBXFileReference; lastKnownFileType = sourcecode.swift; path = SUITextFields.swift; sourceTree = "<group>"; };
		860BECD325A94B1A00B3D699 /* SUIButtons.swift */ = {isa = PBXFileReference; lastKnownFileType = sourcecode.swift; path = SUIButtons.swift; sourceTree = "<group>"; };
		860BECD825A94B2400B3D699 /* SUILabels.swift */ = {isa = PBXFileReference; lastKnownFileType = sourcecode.swift; path = SUILabels.swift; sourceTree = "<group>"; };
		860BECDD25A94B2E00B3D699 /* SUITableViews.swift */ = {isa = PBXFileReference; lastKnownFileType = sourcecode.swift; path = SUITableViews.swift; sourceTree = "<group>"; };
		860BECE325A94B4900B3D699 /* SUICollectionViews.swift */ = {isa = PBXFileReference; lastKnownFileType = sourcecode.swift; path = SUICollectionViews.swift; sourceTree = "<group>"; };
		860BECEC25A94BB200B3D699 /* WelcomeVC.swift */ = {isa = PBXFileReference; lastKnownFileType = sourcecode.swift; path = WelcomeVC.swift; sourceTree = "<group>"; };
		860BECF425A94BCE00B3D699 /* LoginVC.swift */ = {isa = PBXFileReference; lastKnownFileType = sourcecode.swift; path = LoginVC.swift; sourceTree = "<group>"; };
		860BECF925A94BE600B3D699 /* SignUpVC.swift */ = {isa = PBXFileReference; lastKnownFileType = sourcecode.swift; path = SignUpVC.swift; sourceTree = "<group>"; };
		860BECFE25A94C2400B3D699 /* StatisticsVC.swift */ = {isa = PBXFileReference; lastKnownFileType = sourcecode.swift; path = StatisticsVC.swift; sourceTree = "<group>"; };
		860BED1025A94CBD00B3D699 /* HandbookVC.swift */ = {isa = PBXFileReference; lastKnownFileType = sourcecode.swift; path = HandbookVC.swift; sourceTree = "<group>"; };
		860BED1525A94D3700B3D699 /* User.swift */ = {isa = PBXFileReference; lastKnownFileType = sourcecode.swift; path = User.swift; sourceTree = "<group>"; };
		860BED1A25A94DA500B3D699 /* Season.swift */ = {isa = PBXFileReference; lastKnownFileType = sourcecode.swift; path = Season.swift; sourceTree = "<group>"; };
		860BED1F25A94DB900B3D699 /* HandbookEntry.swift */ = {isa = PBXFileReference; lastKnownFileType = sourcecode.swift; path = HandbookEntry.swift; sourceTree = "<group>"; };
		860BED2425A94E0F00B3D699 /* Block.swift */ = {isa = PBXFileReference; lastKnownFileType = sourcecode.swift; path = Block.swift; sourceTree = "<group>"; };
		860BED2925A94E1C00B3D699 /* SubBlock.swift */ = {isa = PBXFileReference; lastKnownFileType = sourcecode.swift; path = SubBlock.swift; sourceTree = "<group>"; };
		860BED2E25A94E2A00B3D699 /* Cache.swift */ = {isa = PBXFileReference; lastKnownFileType = sourcecode.swift; path = Cache.swift; sourceTree = "<group>"; };
		860BED3325A9512E00B3D699 /* HandbookNC.swift */ = {isa = PBXFileReference; lastKnownFileType = sourcecode.swift; path = HandbookNC.swift; sourceTree = "<group>"; };
		860BED3825A9514600B3D699 /* StatisticsNC.swift */ = {isa = PBXFileReference; lastKnownFileType = sourcecode.swift; path = StatisticsNC.swift; sourceTree = "<group>"; };
		860BED3D25A9526F00B3D699 /* HomeTBC.swift */ = {isa = PBXFileReference; lastKnownFileType = sourcecode.swift; path = HomeTBC.swift; sourceTree = "<group>"; };
		860BED4325A9531900B3D699 /* ProgramicVCInterface.swift */ = {isa = PBXFileReference; lastKnownFileType = sourcecode.swift; path = ProgramicVCInterface.swift; sourceTree = "<group>"; };
		860BED5825A9568400B3D699 /* BlockManagerVC.swift */ = {isa = PBXFileReference; lastKnownFileType = sourcecode.swift; path = BlockManagerVC.swift; sourceTree = "<group>"; };
		860BED5D25A9569100B3D699 /* SubBlockManagerVC.swift */ = {isa = PBXFileReference; lastKnownFileType = sourcecode.swift; path = SubBlockManagerVC.swift; sourceTree = "<group>"; };
		860BED6225A956A400B3D699 /* CacheManagerVC.swift */ = {isa = PBXFileReference; lastKnownFileType = sourcecode.swift; path = CacheManagerVC.swift; sourceTree = "<group>"; };
		860BED6725A9570200B3D699 /* TallySheetVC.swift */ = {isa = PBXFileReference; lastKnownFileType = sourcecode.swift; path = TallySheetVC.swift; sourceTree = "<group>"; };
		860BED6C25A9573300B3D699 /* PlotsModal.swift */ = {isa = PBXFileReference; lastKnownFileType = sourcecode.swift; path = PlotsModal.swift; sourceTree = "<group>"; };
		860BED7125A9577200B3D699 /* GPSTreeTrackingModal.swift */ = {isa = PBXFileReference; lastKnownFileType = sourcecode.swift; path = GPSTreeTrackingModal.swift; sourceTree = "<group>"; };
		860BED7925AA296A00B3D699 /* PasswordResetVC.swift */ = {isa = PBXFileReference; lastKnownFileType = sourcecode.swift; path = PasswordResetVC.swift; sourceTree = "<group>"; };
		8637690E25C5B37200580108 /* PlotCell.swift */ = {isa = PBXFileReference; lastKnownFileType = sourcecode.swift; path = PlotCell.swift; sourceTree = "<group>"; };
		8637691325C5B3E700580108 /* UnderlineTextCell.swift */ = {isa = PBXFileReference; lastKnownFileType = sourcecode.swift; path = UnderlineTextCell.swift; sourceTree = "<group>"; };
		8637691825C5B96100580108 /* FloatExtensions.swift */ = {isa = PBXFileReference; lastKnownFileType = sourcecode.swift; path = FloatExtensions.swift; sourceTree = "<group>"; };
		8637692625C7420C00580108 /* CardCell.swift */ = {isa = PBXFileReference; lastKnownFileType = sourcecode.swift; path = CardCell.swift; sourceTree = "<group>"; };
		8637693325C7758300580108 /* hamburger_menu.png */ = {isa = PBXFileReference; lastKnownFileType = image.png; path = hamburger_menu.png; sourceTree = "<group>"; };
		8637693E25C7824500580108 /* GraphCardCell.swift */ = {isa = PBXFileReference; lastKnownFileType = sourcecode.swift; path = GraphCardCell.swift; sourceTree = "<group>"; };
		8637694325C784EC00580108 /* TotalCashCell.swift */ = {isa = PBXFileReference; lastKnownFileType = sourcecode.swift; path = TotalCashCell.swift; sourceTree = "<group>"; };
		8637695025C7852100580108 /* LineGraphCell.swift */ = {isa = PBXFileReference; lastKnownFileType = sourcecode.swift; path = LineGraphCell.swift; sourceTree = "<group>"; };
		8637695525C7853200580108 /* PieChartCell.swift */ = {isa = PBXFileReference; lastKnownFileType = sourcecode.swift; path = PieChartCell.swift; sourceTree = "<group>"; };
		8637695A25C7854700580108 /* OverallStatsCell.swift */ = {isa = PBXFileReference; lastKnownFileType = sourcecode.swift; path = OverallStatsCell.swift; sourceTree = "<group>"; };
		8637695F25C7856200580108 /* HorizontalBarGraphCell.swift */ = {isa = PBXFileReference; lastKnownFileType = sourcecode.swift; path = HorizontalBarGraphCell.swift; sourceTree = "<group>"; };
		86672B7525CAFB7200D0C34C /* Config.swift */ = {isa = PBXFileReference; lastKnownFileType = sourcecode.swift; path = Config.swift; sourceTree = "<group>"; };
		86672BA325CC4BC200D0C34C /* SUICharts.swift */ = {isa = PBXFileReference; lastKnownFileType = sourcecode.swift; path = SUICharts.swift; sourceTree = "<group>"; };
		86672BA825CC9EBB00D0C34C /* SeasonsPickerViewModal.swift */ = {isa = PBXFileReference; lastKnownFileType = sourcecode.swift; path = SeasonsPickerViewModal.swift; sourceTree = "<group>"; };
		86672BBC25CDB54900D0C34C /* SeasonStatistics.swift */ = {isa = PBXFileReference; lastKnownFileType = sourcecode.swift; path = SeasonStatistics.swift; sourceTree = "<group>"; };
		86672BC125CDB60300D0C34C /* AverageSeasonStatistics.swift */ = {isa = PBXFileReference; lastKnownFileType = sourcecode.swift; path = AverageSeasonStatistics.swift; sourceTree = "<group>"; };
		86672BC625CDC2E500D0C34C /* HandbookEntryStatistics.swift */ = {isa = PBXFileReference; lastKnownFileType = sourcecode.swift; path = HandbookEntryStatistics.swift; sourceTree = "<group>"; };
		86854B9E25BA5A620089CF2D /* DoubleExtension.swift */ = {isa = PBXFileReference; lastKnownFileType = sourcecode.swift; path = DoubleExtension.swift; sourceTree = "<group>"; };
		86854BA625BA60680089CF2D /* StringExtension.swift */ = {isa = PBXFileReference; lastKnownFileType = sourcecode.swift; path = StringExtension.swift; sourceTree = "<group>"; };
		86C741AD25AB5D71000547F9 /* SUIViews.swift */ = {isa = PBXFileReference; lastKnownFileType = sourcecode.swift; path = SUIViews.swift; sourceTree = "<group>"; };
		86C741BA25AB7DA9000547F9 /* ProgramicVC.swift */ = {isa = PBXFileReference; lastKnownFileType = sourcecode.swift; path = ProgramicVC.swift; sourceTree = "<group>"; };
		86C741BF25AB7F0C000547F9 /* UIViewExtensions.swift */ = {isa = PBXFileReference; lastKnownFileType = sourcecode.swift; path = UIViewExtensions.swift; sourceTree = "<group>"; };
		86C741D625AB8DD5000547F9 /* icons8-cash-app-50-white.png */ = {isa = PBXFileReference; lastKnownFileType = image.png; path = "icons8-cash-app-50-white.png"; sourceTree = "<group>"; };
		86C741D725AB8DD5000547F9 /* icons8-tree-64-white.png */ = {isa = PBXFileReference; lastKnownFileType = image.png; path = "icons8-tree-64-white.png"; sourceTree = "<group>"; };
		86C741D825AB8DD5000547F9 /* icons8-cent-100.png */ = {isa = PBXFileReference; lastKnownFileType = image.png; path = "icons8-cent-100.png"; sourceTree = "<group>"; };
		86C741D925AB8DD5000547F9 /* icons8-forest-ranger-50.png */ = {isa = PBXFileReference; lastKnownFileType = image.png; path = "icons8-forest-ranger-50.png"; sourceTree = "<group>"; };
		86C741DA25AB8DD5000547F9 /* icons8-cash-app-100.png */ = {isa = PBXFileReference; lastKnownFileType = image.png; path = "icons8-cash-app-100.png"; sourceTree = "<group>"; };
		86C741DB25AB8DD5000547F9 /* icons8-hay-52-white.png */ = {isa = PBXFileReference; lastKnownFileType = image.png; path = "icons8-hay-52-white.png"; sourceTree = "<group>"; };
		86C741DC25AB8DD6000547F9 /* icons8-floating-island-forest-64.png */ = {isa = PBXFileReference; lastKnownFileType = image.png; path = "icons8-floating-island-forest-64.png"; sourceTree = "<group>"; };
		86C741DD25AB8DD6000547F9 /* icons8-cent-50-white.png */ = {isa = PBXFileReference; lastKnownFileType = image.png; path = "icons8-cent-50-white.png"; sourceTree = "<group>"; };
		86C741DE25AB8DD6000547F9 /* icons8-oak-tree-64.png */ = {isa = PBXFileReference; lastKnownFileType = image.png; path = "icons8-oak-tree-64.png"; sourceTree = "<group>"; };
		86C741DF25AB8DD6000547F9 /* icons8-floating-island-forest-64-white.png */ = {isa = PBXFileReference; lastKnownFileType = image.png; path = "icons8-floating-island-forest-64-white.png"; sourceTree = "<group>"; };
		86C741E025AB8DD6000547F9 /* icons8-hay-26.png */ = {isa = PBXFileReference; lastKnownFileType = image.png; path = "icons8-hay-26.png"; sourceTree = "<group>"; };
		86C741E125AB8DD6000547F9 /* icons8-tree-64.png */ = {isa = PBXFileReference; lastKnownFileType = image.png; path = "icons8-tree-64.png"; sourceTree = "<group>"; };
		86C741E225AB8DD6000547F9 /* icons8-forest-ranger-50-white.png */ = {isa = PBXFileReference; lastKnownFileType = image.png; path = "icons8-forest-ranger-50-white.png"; sourceTree = "<group>"; };
		86C741E325AB8DD6000547F9 /* icons8-oak-tree-64 (1).png */ = {isa = PBXFileReference; lastKnownFileType = image.png; path = "icons8-oak-tree-64 (1).png"; sourceTree = "<group>"; };
		86C7420A25ABBC1F000547F9 /* GeneralFunctions.swift */ = {isa = PBXFileReference; lastKnownFileType = sourcecode.swift; path = GeneralFunctions.swift; sourceTree = "<group>"; };
		86C7422025ABE8CF000547F9 /* GetCompanyVC.swift */ = {isa = PBXFileReference; lastKnownFileType = sourcecode.swift; path = GetCompanyVC.swift; sourceTree = "<group>"; };
		86C7424325ACF057000547F9 /* sep_icon.png */ = {isa = PBXFileReference; lastKnownFileType = image.png; path = sep_icon.png; sourceTree = "<group>"; };
		86C7424825B090EC000547F9 /* SUITextViews.swift */ = {isa = PBXFileReference; lastKnownFileType = sourcecode.swift; path = SUITextViews.swift; sourceTree = "<group>"; };
		86C7425125B0B842000547F9 /* Enumerations.swift */ = {isa = PBXFileReference; lastKnownFileType = sourcecode.swift; path = Enumerations.swift; sourceTree = "<group>"; };
		86C7425D25B20E87000547F9 /* SeasonModal.swift */ = {isa = PBXFileReference; lastKnownFileType = sourcecode.swift; path = SeasonModal.swift; sourceTree = "<group>"; };
		86C7427925B673A7000547F9 /* TallyCell.swift */ = {isa = PBXFileReference; lastKnownFileType = sourcecode.swift; path = TallyCell.swift; sourceTree = "<group>"; };
		86D2220225BDEC9D003D7394 /* undo.png */ = {isa = PBXFileReference; lastKnownFileType = image.png; path = undo.png; sourceTree = "<group>"; };
		86D2220F25BF9AE4003D7394 /* RealmDatabase.swift */ = {isa = PBXFileReference; lastKnownFileType = sourcecode.swift; path = RealmDatabase.swift; sourceTree = "<group>"; };
/* End PBXFileReference section */

/* Begin PBXFrameworksBuildPhase section */
		860BEC4C25A9442700B3D699 /* Frameworks */ = {
			isa = PBXFrameworksBuildPhase;
			buildActionMask = 2147483647;
			files = (
				3F12B35F1FDDB7C3794AF262 /* Pods_PlantersHandbook.framework in Frameworks */,
			);
			runOnlyForDeploymentPostprocessing = 0;
		};
		860BEC6225A9442A00B3D699 /* Frameworks */ = {
			isa = PBXFrameworksBuildPhase;
			buildActionMask = 2147483647;
			files = (
			);
			runOnlyForDeploymentPostprocessing = 0;
		};
		860BEC6D25A9442A00B3D699 /* Frameworks */ = {
			isa = PBXFrameworksBuildPhase;
			buildActionMask = 2147483647;
			files = (
			);
			runOnlyForDeploymentPostprocessing = 0;
		};
/* End PBXFrameworksBuildPhase section */

/* Begin PBXGroup section */
		66B251087EB1E7E605E061F1 /* Pods */ = {
			isa = PBXGroup;
			children = (
				69C45F9979AB7B6685111A79 /* Pods-PlantersHandbook.debug.xcconfig */,
				6BC72DDD83592BC2123FED2C /* Pods-PlantersHandbook.release.xcconfig */,
			);
			path = Pods;
			sourceTree = "<group>";
		};
		860BEC4625A9442700B3D699 = {
			isa = PBXGroup;
			children = (
				860BEC5125A9442700B3D699 /* PlantersHandbook */,
				860BEC6825A9442A00B3D699 /* PlantersHandbookTests */,
				860BEC7325A9442A00B3D699 /* PlantersHandbookUITests */,
				860BEC5025A9442700B3D699 /* Products */,
				66B251087EB1E7E605E061F1 /* Pods */,
				A030790ED78FFA92BCC1C0C9 /* Frameworks */,
			);
			sourceTree = "<group>";
		};
		860BEC5025A9442700B3D699 /* Products */ = {
			isa = PBXGroup;
			children = (
				860BEC4F25A9442700B3D699 /* PlantersHandbook.app */,
				860BEC6525A9442A00B3D699 /* PlantersHandbookTests.xctest */,
				860BEC7025A9442A00B3D699 /* PlantersHandbookUITests.xctest */,
			);
			name = Products;
			sourceTree = "<group>";
		};
		860BEC5125A9442700B3D699 /* PlantersHandbook */ = {
			isa = PBXGroup;
			children = (
				860BEC9F25A9485B00B3D699 /* Utils */,
				860BEC9C25A947B900B3D699 /* Screens */,
				860BEC9B25A947A400B3D699 /* Models */,
				860BEC5225A9442700B3D699 /* AppDelegate.swift */,
				860BEC5425A9442700B3D699 /* SceneDelegate.swift */,
				86D2220F25BF9AE4003D7394 /* RealmDatabase.swift */,
				860BEC5B25A9442900B3D699 /* Assets.xcassets */,
				860BEC5D25A9442900B3D699 /* LaunchScreen.storyboard */,
				860BEC6025A9442900B3D699 /* Info.plist */,
			);
			path = PlantersHandbook;
			sourceTree = "<group>";
		};
		860BEC6825A9442A00B3D699 /* PlantersHandbookTests */ = {
			isa = PBXGroup;
			children = (
				860BEC6925A9442A00B3D699 /* PlantersHandbookTests.swift */,
				860BEC6B25A9442A00B3D699 /* Info.plist */,
			);
			path = PlantersHandbookTests;
			sourceTree = "<group>";
		};
		860BEC7325A9442A00B3D699 /* PlantersHandbookUITests */ = {
			isa = PBXGroup;
			children = (
				860BEC7425A9442A00B3D699 /* PlantersHandbookUITests.swift */,
				860BEC7625A9442A00B3D699 /* Info.plist */,
			);
			path = PlantersHandbookUITests;
			sourceTree = "<group>";
		};
		860BEC9B25A947A400B3D699 /* Models */ = {
			isa = PBXGroup;
			children = (
				860BED1525A94D3700B3D699 /* User.swift */,
				860BED1A25A94DA500B3D699 /* Season.swift */,
				860BED1F25A94DB900B3D699 /* HandbookEntry.swift */,
				860BED2425A94E0F00B3D699 /* Block.swift */,
				860BED2925A94E1C00B3D699 /* SubBlock.swift */,
				860BED2E25A94E2A00B3D699 /* Cache.swift */,
			);
			path = Models;
			sourceTree = "<group>";
		};
		860BEC9C25A947B900B3D699 /* Screens */ = {
			isa = PBXGroup;
			children = (
				860BECEB25A94B7200B3D699 /* Welcome */,
				860BED0325A94C4B00B3D699 /* Home */,
			);
			path = Screens;
			sourceTree = "<group>";
		};
		860BEC9D25A9480100B3D699 /* Handbook */ = {
			isa = PBXGroup;
			children = (
				86C7425C25B20E50000547F9 /* Modals */,
				860BED3325A9512E00B3D699 /* HandbookNC.swift */,
				860BED1025A94CBD00B3D699 /* HandbookVC.swift */,
				860BED5825A9568400B3D699 /* BlockManagerVC.swift */,
				860BED5D25A9569100B3D699 /* SubBlockManagerVC.swift */,
				860BED6225A956A400B3D699 /* CacheManagerVC.swift */,
				860BED6725A9570200B3D699 /* TallySheetVC.swift */,
			);
			path = Handbook;
			sourceTree = "<group>";
		};
		860BEC9E25A9480B00B3D699 /* Statistics */ = {
			isa = PBXGroup;
			children = (
				860BED3825A9514600B3D699 /* StatisticsNC.swift */,
				860BECFE25A94C2400B3D699 /* StatisticsVC.swift */,
			);
			path = Statistics;
			sourceTree = "<group>";
		};
		860BEC9F25A9485B00B3D699 /* Utils */ = {
			isa = PBXGroup;
			children = (
				86C7425025B0B826000547F9 /* Enumerations */,
				86C741B925AB7D98000547F9 /* Classes */,
				860BED4225A9528600B3D699 /* Images */,
				860BECA725A9491900B3D699 /* Structs */,
				860BECA325A948A600B3D699 /* Interfaces */,
				860BECA225A9488400B3D699 /* Extensions */,
				860BECA125A9487F00B3D699 /* Functions */,
				860BECA025A9486800B3D699 /* SUI */,
			);
			path = Utils;
			sourceTree = "<group>";
		};
		860BECA025A9486800B3D699 /* SUI */ = {
			isa = PBXGroup;
			children = (
				860BECA525A948EC00B3D699 /* Cells */,
				860BECC625A94B0400B3D699 /* SUIScrollVIews.swift */,
				860BECCE25A94B0F00B3D699 /* SUITextFields.swift */,
				860BECD325A94B1A00B3D699 /* SUIButtons.swift */,
				860BECD825A94B2400B3D699 /* SUILabels.swift */,
				860BECDD25A94B2E00B3D699 /* SUITableViews.swift */,
				860BECE325A94B4900B3D699 /* SUICollectionViews.swift */,
				86C741AD25AB5D71000547F9 /* SUIViews.swift */,
				86C7424825B090EC000547F9 /* SUITextViews.swift */,
				86672BA325CC4BC200D0C34C /* SUICharts.swift */,
			);
			path = SUI;
			sourceTree = "<group>";
		};
		860BECA125A9487F00B3D699 /* Functions */ = {
			isa = PBXGroup;
			children = (
				86C7420A25ABBC1F000547F9 /* GeneralFunctions.swift */,
			);
			path = Functions;
			sourceTree = "<group>";
		};
		860BECA225A9488400B3D699 /* Extensions */ = {
			isa = PBXGroup;
			children = (
				86C741BF25AB7F0C000547F9 /* UIViewExtensions.swift */,
				86854B9E25BA5A620089CF2D /* DoubleExtension.swift */,
				86854BA625BA60680089CF2D /* StringExtension.swift */,
				8637691825C5B96100580108 /* FloatExtensions.swift */,
			);
			path = Extensions;
			sourceTree = "<group>";
		};
		860BECA325A948A600B3D699 /* Interfaces */ = {
			isa = PBXGroup;
			children = (
				860BED4325A9531900B3D699 /* ProgramicVCInterface.swift */,
			);
			path = Interfaces;
			sourceTree = "<group>";
		};
		860BECA525A948EC00B3D699 /* Cells */ = {
			isa = PBXGroup;
			children = (
				860BECC525A94AAD00B3D699 /* TableViewCells */,
				860BECC425A94AA400B3D699 /* CollectionViewCells */,
			);
			path = Cells;
			sourceTree = "<group>";
		};
		860BECA725A9491900B3D699 /* Structs */ = {
			isa = PBXGroup;
			children = (
				86672B7525CAFB7200D0C34C /* Config.swift */,
				86672BBC25CDB54900D0C34C /* SeasonStatistics.swift */,
				86672BC125CDB60300D0C34C /* AverageSeasonStatistics.swift */,
				86672BC625CDC2E500D0C34C /* HandbookEntryStatistics.swift */,
			);
			path = Structs;
			sourceTree = "<group>";
		};
		860BECC425A94AA400B3D699 /* CollectionViewCells */ = {
			isa = PBXGroup;
			children = (
				8637692625C7420C00580108 /* CardCell.swift */,
				8637693E25C7824500580108 /* GraphCardCell.swift */,
				8637694325C784EC00580108 /* TotalCashCell.swift */,
				8637695025C7852100580108 /* LineGraphCell.swift */,
				8637695525C7853200580108 /* PieChartCell.swift */,
				8637695A25C7854700580108 /* OverallStatsCell.swift */,
				8637695F25C7856200580108 /* HorizontalBarGraphCell.swift */,
				86C7427925B673A7000547F9 /* TallyCell.swift */,
				8637690E25C5B37200580108 /* PlotCell.swift */,
				8637691325C5B3E700580108 /* UnderlineTextCell.swift */,
			);
			path = CollectionViewCells;
			sourceTree = "<group>";
		};
		860BECC525A94AAD00B3D699 /* TableViewCells */ = {
			isa = PBXGroup;
			children = (
			);
			path = TableViewCells;
			sourceTree = "<group>";
		};
		860BECEB25A94B7200B3D699 /* Welcome */ = {
			isa = PBXGroup;
			children = (
				860BECEC25A94BB200B3D699 /* WelcomeVC.swift */,
				860BECF425A94BCE00B3D699 /* LoginVC.swift */,
				860BECF925A94BE600B3D699 /* SignUpVC.swift */,
				860BED7925AA296A00B3D699 /* PasswordResetVC.swift */,
				86C7422025ABE8CF000547F9 /* GetCompanyVC.swift */,
			);
			path = Welcome;
			sourceTree = "<group>";
		};
		860BED0325A94C4B00B3D699 /* Home */ = {
			isa = PBXGroup;
			children = (
				860BED3D25A9526F00B3D699 /* HomeTBC.swift */,
				860BEC9D25A9480100B3D699 /* Handbook */,
				860BEC9E25A9480B00B3D699 /* Statistics */,
			);
			path = Home;
			sourceTree = "<group>";
		};
		860BED4225A9528600B3D699 /* Images */ = {
			isa = PBXGroup;
			children = (
				8637693325C7758300580108 /* hamburger_menu.png */,
				86D2220225BDEC9D003D7394 /* undo.png */,
				86C7424325ACF057000547F9 /* sep_icon.png */,
				86C741D625AB8DD5000547F9 /* icons8-cash-app-50-white.png */,
				86C741DA25AB8DD5000547F9 /* icons8-cash-app-100.png */,
				86C741DD25AB8DD6000547F9 /* icons8-cent-50-white.png */,
				86C741D825AB8DD5000547F9 /* icons8-cent-100.png */,
				86C741DF25AB8DD6000547F9 /* icons8-floating-island-forest-64-white.png */,
				86C741DC25AB8DD6000547F9 /* icons8-floating-island-forest-64.png */,
				86C741E225AB8DD6000547F9 /* icons8-forest-ranger-50-white.png */,
				86C741D925AB8DD5000547F9 /* icons8-forest-ranger-50.png */,
				86C741E025AB8DD6000547F9 /* icons8-hay-26.png */,
				86C741DB25AB8DD5000547F9 /* icons8-hay-52-white.png */,
				86C741E325AB8DD6000547F9 /* icons8-oak-tree-64 (1).png */,
				86C741DE25AB8DD6000547F9 /* icons8-oak-tree-64.png */,
				86C741D725AB8DD5000547F9 /* icons8-tree-64-white.png */,
				86C741E125AB8DD6000547F9 /* icons8-tree-64.png */,
			);
			path = Images;
			sourceTree = "<group>";
		};
		86C741B925AB7D98000547F9 /* Classes */ = {
			isa = PBXGroup;
			children = (
				86C741BA25AB7DA9000547F9 /* ProgramicVC.swift */,
			);
			path = Classes;
			sourceTree = "<group>";
		};
		86C7425025B0B826000547F9 /* Enumerations */ = {
			isa = PBXGroup;
			children = (
				86C7425125B0B842000547F9 /* Enumerations.swift */,
			);
			path = Enumerations;
			sourceTree = "<group>";
		};
		86C7425C25B20E50000547F9 /* Modals */ = {
			isa = PBXGroup;
			children = (
				860BED6C25A9573300B3D699 /* PlotsModal.swift */,
				86C7425D25B20E87000547F9 /* SeasonModal.swift */,
				860BED7125A9577200B3D699 /* GPSTreeTrackingModal.swift */,
				86672BA825CC9EBB00D0C34C /* SeasonsPickerViewModal.swift */,
			);
			path = Modals;
			sourceTree = "<group>";
		};
		A030790ED78FFA92BCC1C0C9 /* Frameworks */ = {
			isa = PBXGroup;
			children = (
				68A7BB0D8150E9562C3963A3 /* Pods_PlantersHandbook.framework */,
			);
			name = Frameworks;
			sourceTree = "<group>";
		};
/* End PBXGroup section */

/* Begin PBXNativeTarget section */
		860BEC4E25A9442700B3D699 /* PlantersHandbook */ = {
			isa = PBXNativeTarget;
			buildConfigurationList = 860BEC7925A9442A00B3D699 /* Build configuration list for PBXNativeTarget "PlantersHandbook" */;
			buildPhases = (
				F614430085EAFEB1CCF3E50F /* [CP] Check Pods Manifest.lock */,
				860BEC4B25A9442700B3D699 /* Sources */,
				860BEC4C25A9442700B3D699 /* Frameworks */,
				860BEC4D25A9442700B3D699 /* Resources */,
				6D6D3633073779B8E7440615 /* [CP] Embed Pods Frameworks */,
				C49F305F26FF29055830FE2D /* [CP] Copy Pods Resources */,
			);
			buildRules = (
			);
			dependencies = (
			);
			name = PlantersHandbook;
			productName = PlantersHandbook;
			productReference = 860BEC4F25A9442700B3D699 /* PlantersHandbook.app */;
			productType = "com.apple.product-type.application";
		};
		860BEC6425A9442A00B3D699 /* PlantersHandbookTests */ = {
			isa = PBXNativeTarget;
			buildConfigurationList = 860BEC7C25A9442A00B3D699 /* Build configuration list for PBXNativeTarget "PlantersHandbookTests" */;
			buildPhases = (
				860BEC6125A9442A00B3D699 /* Sources */,
				860BEC6225A9442A00B3D699 /* Frameworks */,
				860BEC6325A9442A00B3D699 /* Resources */,
			);
			buildRules = (
			);
			dependencies = (
				860BEC6725A9442A00B3D699 /* PBXTargetDependency */,
			);
			name = PlantersHandbookTests;
			productName = PlantersHandbookTests;
			productReference = 860BEC6525A9442A00B3D699 /* PlantersHandbookTests.xctest */;
			productType = "com.apple.product-type.bundle.unit-test";
		};
		860BEC6F25A9442A00B3D699 /* PlantersHandbookUITests */ = {
			isa = PBXNativeTarget;
			buildConfigurationList = 860BEC7F25A9442A00B3D699 /* Build configuration list for PBXNativeTarget "PlantersHandbookUITests" */;
			buildPhases = (
				860BEC6C25A9442A00B3D699 /* Sources */,
				860BEC6D25A9442A00B3D699 /* Frameworks */,
				860BEC6E25A9442A00B3D699 /* Resources */,
			);
			buildRules = (
			);
			dependencies = (
				860BEC7225A9442A00B3D699 /* PBXTargetDependency */,
			);
			name = PlantersHandbookUITests;
			productName = PlantersHandbookUITests;
			productReference = 860BEC7025A9442A00B3D699 /* PlantersHandbookUITests.xctest */;
			productType = "com.apple.product-type.bundle.ui-testing";
		};
/* End PBXNativeTarget section */

/* Begin PBXProject section */
		860BEC4725A9442700B3D699 /* Project object */ = {
			isa = PBXProject;
			attributes = {
				LastSwiftUpdateCheck = 1230;
				LastUpgradeCheck = 1230;
				TargetAttributes = {
					860BEC4E25A9442700B3D699 = {
						CreatedOnToolsVersion = 12.3;
					};
					860BEC6425A9442A00B3D699 = {
						CreatedOnToolsVersion = 12.3;
						TestTargetID = 860BEC4E25A9442700B3D699;
					};
					860BEC6F25A9442A00B3D699 = {
						CreatedOnToolsVersion = 12.3;
						TestTargetID = 860BEC4E25A9442700B3D699;
					};
				};
			};
			buildConfigurationList = 860BEC4A25A9442700B3D699 /* Build configuration list for PBXProject "PlantersHandbook" */;
			compatibilityVersion = "Xcode 9.3";
			developmentRegion = en;
			hasScannedForEncodings = 0;
			knownRegions = (
				en,
				Base,
			);
			mainGroup = 860BEC4625A9442700B3D699;
			productRefGroup = 860BEC5025A9442700B3D699 /* Products */;
			projectDirPath = "";
			projectRoot = "";
			targets = (
				860BEC4E25A9442700B3D699 /* PlantersHandbook */,
				860BEC6425A9442A00B3D699 /* PlantersHandbookTests */,
				860BEC6F25A9442A00B3D699 /* PlantersHandbookUITests */,
			);
		};
/* End PBXProject section */

/* Begin PBXResourcesBuildPhase section */
		860BEC4D25A9442700B3D699 /* Resources */ = {
			isa = PBXResourcesBuildPhase;
			buildActionMask = 2147483647;
			files = (
				8637693425C7758300580108 /* hamburger_menu.png in Resources */,
				86C741EC25AB8DD6000547F9 /* icons8-oak-tree-64.png in Resources */,
				86C741EB25AB8DD6000547F9 /* icons8-cent-50-white.png in Resources */,
				86C741E725AB8DD6000547F9 /* icons8-forest-ranger-50.png in Resources */,
				86C741E425AB8DD6000547F9 /* icons8-cash-app-50-white.png in Resources */,
				86C741E525AB8DD6000547F9 /* icons8-tree-64-white.png in Resources */,
				860BEC5F25A9442900B3D699 /* LaunchScreen.storyboard in Resources */,
				86C741EE25AB8DD6000547F9 /* icons8-hay-26.png in Resources */,
				860BEC5C25A9442900B3D699 /* Assets.xcassets in Resources */,
				86C741E825AB8DD6000547F9 /* icons8-cash-app-100.png in Resources */,
				86C741EA25AB8DD6000547F9 /* icons8-floating-island-forest-64.png in Resources */,
				86C741E625AB8DD6000547F9 /* icons8-cent-100.png in Resources */,
				86D2220325BDEC9D003D7394 /* undo.png in Resources */,
				86C7424425ACF057000547F9 /* sep_icon.png in Resources */,
				86C741F025AB8DD6000547F9 /* icons8-forest-ranger-50-white.png in Resources */,
				86C741EF25AB8DD6000547F9 /* icons8-tree-64.png in Resources */,
				86C741E925AB8DD6000547F9 /* icons8-hay-52-white.png in Resources */,
				86C741ED25AB8DD6000547F9 /* icons8-floating-island-forest-64-white.png in Resources */,
				86C741F125AB8DD6000547F9 /* icons8-oak-tree-64 (1).png in Resources */,
			);
			runOnlyForDeploymentPostprocessing = 0;
		};
		860BEC6325A9442A00B3D699 /* Resources */ = {
			isa = PBXResourcesBuildPhase;
			buildActionMask = 2147483647;
			files = (
			);
			runOnlyForDeploymentPostprocessing = 0;
		};
		860BEC6E25A9442A00B3D699 /* Resources */ = {
			isa = PBXResourcesBuildPhase;
			buildActionMask = 2147483647;
			files = (
			);
			runOnlyForDeploymentPostprocessing = 0;
		};
/* End PBXResourcesBuildPhase section */

/* Begin PBXShellScriptBuildPhase section */
		6D6D3633073779B8E7440615 /* [CP] Embed Pods Frameworks */ = {
			isa = PBXShellScriptBuildPhase;
			buildActionMask = 2147483647;
			files = (
			);
			inputFileListPaths = (
				"${PODS_ROOT}/Target Support Files/Pods-PlantersHandbook/Pods-PlantersHandbook-frameworks-${CONFIGURATION}-input-files.xcfilelist",
			);
			name = "[CP] Embed Pods Frameworks";
			outputFileListPaths = (
				"${PODS_ROOT}/Target Support Files/Pods-PlantersHandbook/Pods-PlantersHandbook-frameworks-${CONFIGURATION}-output-files.xcfilelist",
			);
			runOnlyForDeploymentPostprocessing = 0;
			shellPath = /bin/sh;
			shellScript = "\"${PODS_ROOT}/Target Support Files/Pods-PlantersHandbook/Pods-PlantersHandbook-frameworks.sh\"\n";
			showEnvVarsInLog = 0;
		};
		C49F305F26FF29055830FE2D /* [CP] Copy Pods Resources */ = {
			isa = PBXShellScriptBuildPhase;
			buildActionMask = 2147483647;
			files = (
			);
			inputFileListPaths = (
				"${PODS_ROOT}/Target Support Files/Pods-PlantersHandbook/Pods-PlantersHandbook-resources-${CONFIGURATION}-input-files.xcfilelist",
			);
			name = "[CP] Copy Pods Resources";
			outputFileListPaths = (
				"${PODS_ROOT}/Target Support Files/Pods-PlantersHandbook/Pods-PlantersHandbook-resources-${CONFIGURATION}-output-files.xcfilelist",
			);
			runOnlyForDeploymentPostprocessing = 0;
			shellPath = /bin/sh;
			shellScript = "\"${PODS_ROOT}/Target Support Files/Pods-PlantersHandbook/Pods-PlantersHandbook-resources.sh\"\n";
			showEnvVarsInLog = 0;
		};
		F614430085EAFEB1CCF3E50F /* [CP] Check Pods Manifest.lock */ = {
			isa = PBXShellScriptBuildPhase;
			buildActionMask = 2147483647;
			files = (
			);
			inputFileListPaths = (
			);
			inputPaths = (
				"${PODS_PODFILE_DIR_PATH}/Podfile.lock",
				"${PODS_ROOT}/Manifest.lock",
			);
			name = "[CP] Check Pods Manifest.lock";
			outputFileListPaths = (
			);
			outputPaths = (
				"$(DERIVED_FILE_DIR)/Pods-PlantersHandbook-checkManifestLockResult.txt",
			);
			runOnlyForDeploymentPostprocessing = 0;
			shellPath = /bin/sh;
			shellScript = "diff \"${PODS_PODFILE_DIR_PATH}/Podfile.lock\" \"${PODS_ROOT}/Manifest.lock\" > /dev/null\nif [ $? != 0 ] ; then\n    # print error to STDERR\n    echo \"error: The sandbox is not in sync with the Podfile.lock. Run 'pod install' or update your CocoaPods installation.\" >&2\n    exit 1\nfi\n# This output is used by Xcode 'outputs' to avoid re-running this script phase.\necho \"SUCCESS\" > \"${SCRIPT_OUTPUT_FILE_0}\"\n";
			showEnvVarsInLog = 0;
		};
/* End PBXShellScriptBuildPhase section */

/* Begin PBXSourcesBuildPhase section */
		860BEC4B25A9442700B3D699 /* Sources */ = {
			isa = PBXSourcesBuildPhase;
			buildActionMask = 2147483647;
			files = (
				860BECF525A94BCE00B3D699 /* LoginVC.swift in Sources */,
				8637690F25C5B37200580108 /* PlotCell.swift in Sources */,
				860BECD425A94B1A00B3D699 /* SUIButtons.swift in Sources */,
				86672BC725CDC2E500D0C34C /* HandbookEntryStatistics.swift in Sources */,
				86C7427A25B673A7000547F9 /* TallyCell.swift in Sources */,
				860BED5925A9568400B3D699 /* BlockManagerVC.swift in Sources */,
				8637691925C5B96100580108 /* FloatExtensions.swift in Sources */,
				86C7420B25ABBC1F000547F9 /* GeneralFunctions.swift in Sources */,
				86D2221025BF9AE4003D7394 /* RealmDatabase.swift in Sources */,
				8637691425C5B3E700580108 /* UnderlineTextCell.swift in Sources */,
				86672BC225CDB60300D0C34C /* AverageSeasonStatistics.swift in Sources */,
				8637693F25C7824500580108 /* GraphCardCell.swift in Sources */,
				860BED2525A94E0F00B3D699 /* Block.swift in Sources */,
				860BECC725A94B0400B3D699 /* SUIScrollVIews.swift in Sources */,
				86C7424925B090ED000547F9 /* SUITextViews.swift in Sources */,
				86854B9F25BA5A620089CF2D /* DoubleExtension.swift in Sources */,
				860BECED25A94BB200B3D699 /* WelcomeVC.swift in Sources */,
				860BED2025A94DB900B3D699 /* HandbookEntry.swift in Sources */,
				8637695125C7852100580108 /* LineGraphCell.swift in Sources */,
				860BED1625A94D3700B3D699 /* User.swift in Sources */,
				86854BA725BA60680089CF2D /* StringExtension.swift in Sources */,
				860BED2F25A94E2A00B3D699 /* Cache.swift in Sources */,
				860BED3425A9512E00B3D699 /* HandbookNC.swift in Sources */,
				8637694425C784EC00580108 /* TotalCashCell.swift in Sources */,
				86C741BB25AB7DA9000547F9 /* ProgramicVC.swift in Sources */,
				860BECD925A94B2400B3D699 /* SUILabels.swift in Sources */,
				86C7422125ABE8CF000547F9 /* GetCompanyVC.swift in Sources */,
				860BED4425A9531900B3D699 /* ProgramicVCInterface.swift in Sources */,
				860BED3E25A9526F00B3D699 /* HomeTBC.swift in Sources */,
				86C741C025AB7F0C000547F9 /* UIViewExtensions.swift in Sources */,
				86672B7625CAFB7200D0C34C /* Config.swift in Sources */,
				860BECE425A94B4900B3D699 /* SUICollectionViews.swift in Sources */,
				860BED2A25A94E1C00B3D699 /* SubBlock.swift in Sources */,
				860BED6D25A9573300B3D699 /* PlotsModal.swift in Sources */,
				8637695B25C7854700580108 /* OverallStatsCell.swift in Sources */,
				8637695625C7853200580108 /* PieChartCell.swift in Sources */,
				860BED1125A94CBD00B3D699 /* HandbookVC.swift in Sources */,
				86C7425E25B20E87000547F9 /* SeasonModal.swift in Sources */,
				86C7425225B0B843000547F9 /* Enumerations.swift in Sources */,
				86672BBD25CDB54900D0C34C /* SeasonStatistics.swift in Sources */,
				8637692725C7420C00580108 /* CardCell.swift in Sources */,
				860BED3925A9514600B3D699 /* StatisticsNC.swift in Sources */,
				860BEC5325A9442700B3D699 /* AppDelegate.swift in Sources */,
				86C741AE25AB5D71000547F9 /* SUIViews.swift in Sources */,
				860BED6825A9570200B3D699 /* TallySheetVC.swift in Sources */,
				860BEC5525A9442700B3D699 /* SceneDelegate.swift in Sources */,
				860BECDE25A94B2E00B3D699 /* SUITableViews.swift in Sources */,
				860BED7225A9577300B3D699 /* GPSTreeTrackingModal.swift in Sources */,
				8637696025C7856200580108 /* HorizontalBarGraphCell.swift in Sources */,
				86672BA425CC4BC200D0C34C /* SUICharts.swift in Sources */,
				860BECFA25A94BE600B3D699 /* SignUpVC.swift in Sources */,
				860BECCF25A94B0F00B3D699 /* SUITextFields.swift in Sources */,
				860BED7A25AA296A00B3D699 /* PasswordResetVC.swift in Sources */,
				860BECFF25A94C2400B3D699 /* StatisticsVC.swift in Sources */,
				86672BA925CC9EBB00D0C34C /* SeasonsPickerViewModal.swift in Sources */,
				860BED6325A956A400B3D699 /* CacheManagerVC.swift in Sources */,
				860BED1B25A94DA500B3D699 /* Season.swift in Sources */,
				860BED5E25A9569100B3D699 /* SubBlockManagerVC.swift in Sources */,
			);
			runOnlyForDeploymentPostprocessing = 0;
		};
		860BEC6125A9442A00B3D699 /* Sources */ = {
			isa = PBXSourcesBuildPhase;
			buildActionMask = 2147483647;
			files = (
				860BEC6A25A9442A00B3D699 /* PlantersHandbookTests.swift in Sources */,
			);
			runOnlyForDeploymentPostprocessing = 0;
		};
		860BEC6C25A9442A00B3D699 /* Sources */ = {
			isa = PBXSourcesBuildPhase;
			buildActionMask = 2147483647;
			files = (
				860BEC7525A9442A00B3D699 /* PlantersHandbookUITests.swift in Sources */,
			);
			runOnlyForDeploymentPostprocessing = 0;
		};
/* End PBXSourcesBuildPhase section */

/* Begin PBXTargetDependency section */
		860BEC6725A9442A00B3D699 /* PBXTargetDependency */ = {
			isa = PBXTargetDependency;
			target = 860BEC4E25A9442700B3D699 /* PlantersHandbook */;
			targetProxy = 860BEC6625A9442A00B3D699 /* PBXContainerItemProxy */;
		};
		860BEC7225A9442A00B3D699 /* PBXTargetDependency */ = {
			isa = PBXTargetDependency;
			target = 860BEC4E25A9442700B3D699 /* PlantersHandbook */;
			targetProxy = 860BEC7125A9442A00B3D699 /* PBXContainerItemProxy */;
		};
/* End PBXTargetDependency section */

/* Begin PBXVariantGroup section */
		860BEC5D25A9442900B3D699 /* LaunchScreen.storyboard */ = {
			isa = PBXVariantGroup;
			children = (
				860BEC5E25A9442900B3D699 /* Base */,
			);
			name = LaunchScreen.storyboard;
			sourceTree = "<group>";
		};
/* End PBXVariantGroup section */

/* Begin XCBuildConfiguration section */
		860BEC7725A9442A00B3D699 /* Debug */ = {
			isa = XCBuildConfiguration;
			buildSettings = {
				ALWAYS_SEARCH_USER_PATHS = NO;
				CLANG_ANALYZER_NONNULL = YES;
				CLANG_ANALYZER_NUMBER_OBJECT_CONVERSION = YES_AGGRESSIVE;
				CLANG_CXX_LANGUAGE_STANDARD = "gnu++14";
				CLANG_CXX_LIBRARY = "libc++";
				CLANG_ENABLE_MODULES = YES;
				CLANG_ENABLE_OBJC_ARC = YES;
				CLANG_ENABLE_OBJC_WEAK = YES;
				CLANG_WARN_BLOCK_CAPTURE_AUTORELEASING = YES;
				CLANG_WARN_BOOL_CONVERSION = YES;
				CLANG_WARN_COMMA = YES;
				CLANG_WARN_CONSTANT_CONVERSION = YES;
				CLANG_WARN_DEPRECATED_OBJC_IMPLEMENTATIONS = YES;
				CLANG_WARN_DIRECT_OBJC_ISA_USAGE = YES_ERROR;
				CLANG_WARN_DOCUMENTATION_COMMENTS = YES;
				CLANG_WARN_EMPTY_BODY = YES;
				CLANG_WARN_ENUM_CONVERSION = YES;
				CLANG_WARN_INFINITE_RECURSION = YES;
				CLANG_WARN_INT_CONVERSION = YES;
				CLANG_WARN_NON_LITERAL_NULL_CONVERSION = YES;
				CLANG_WARN_OBJC_IMPLICIT_RETAIN_SELF = YES;
				CLANG_WARN_OBJC_LITERAL_CONVERSION = YES;
				CLANG_WARN_OBJC_ROOT_CLASS = YES_ERROR;
				CLANG_WARN_QUOTED_INCLUDE_IN_FRAMEWORK_HEADER = YES;
				CLANG_WARN_RANGE_LOOP_ANALYSIS = YES;
				CLANG_WARN_STRICT_PROTOTYPES = YES;
				CLANG_WARN_SUSPICIOUS_MOVE = YES;
				CLANG_WARN_UNGUARDED_AVAILABILITY = YES_AGGRESSIVE;
				CLANG_WARN_UNREACHABLE_CODE = YES;
				CLANG_WARN__DUPLICATE_METHOD_MATCH = YES;
				COPY_PHASE_STRIP = NO;
				DEBUG_INFORMATION_FORMAT = dwarf;
				ENABLE_STRICT_OBJC_MSGSEND = YES;
				ENABLE_TESTABILITY = YES;
				GCC_C_LANGUAGE_STANDARD = gnu11;
				GCC_DYNAMIC_NO_PIC = NO;
				GCC_NO_COMMON_BLOCKS = YES;
				GCC_OPTIMIZATION_LEVEL = 0;
				GCC_PREPROCESSOR_DEFINITIONS = (
					"DEBUG=1",
					"$(inherited)",
				);
				GCC_WARN_64_TO_32_BIT_CONVERSION = YES;
				GCC_WARN_ABOUT_RETURN_TYPE = YES_ERROR;
				GCC_WARN_UNDECLARED_SELECTOR = YES;
				GCC_WARN_UNINITIALIZED_AUTOS = YES_AGGRESSIVE;
				GCC_WARN_UNUSED_FUNCTION = YES;
				GCC_WARN_UNUSED_VARIABLE = YES;
				IPHONEOS_DEPLOYMENT_TARGET = 14.3;
				MTL_ENABLE_DEBUG_INFO = INCLUDE_SOURCE;
				MTL_FAST_MATH = YES;
				ONLY_ACTIVE_ARCH = YES;
				SDKROOT = iphoneos;
				SWIFT_ACTIVE_COMPILATION_CONDITIONS = DEBUG;
				SWIFT_OPTIMIZATION_LEVEL = "-Onone";
			};
			name = Debug;
		};
		860BEC7825A9442A00B3D699 /* Release */ = {
			isa = XCBuildConfiguration;
			buildSettings = {
				ALWAYS_SEARCH_USER_PATHS = NO;
				CLANG_ANALYZER_NONNULL = YES;
				CLANG_ANALYZER_NUMBER_OBJECT_CONVERSION = YES_AGGRESSIVE;
				CLANG_CXX_LANGUAGE_STANDARD = "gnu++14";
				CLANG_CXX_LIBRARY = "libc++";
				CLANG_ENABLE_MODULES = YES;
				CLANG_ENABLE_OBJC_ARC = YES;
				CLANG_ENABLE_OBJC_WEAK = YES;
				CLANG_WARN_BLOCK_CAPTURE_AUTORELEASING = YES;
				CLANG_WARN_BOOL_CONVERSION = YES;
				CLANG_WARN_COMMA = YES;
				CLANG_WARN_CONSTANT_CONVERSION = YES;
				CLANG_WARN_DEPRECATED_OBJC_IMPLEMENTATIONS = YES;
				CLANG_WARN_DIRECT_OBJC_ISA_USAGE = YES_ERROR;
				CLANG_WARN_DOCUMENTATION_COMMENTS = YES;
				CLANG_WARN_EMPTY_BODY = YES;
				CLANG_WARN_ENUM_CONVERSION = YES;
				CLANG_WARN_INFINITE_RECURSION = YES;
				CLANG_WARN_INT_CONVERSION = YES;
				CLANG_WARN_NON_LITERAL_NULL_CONVERSION = YES;
				CLANG_WARN_OBJC_IMPLICIT_RETAIN_SELF = YES;
				CLANG_WARN_OBJC_LITERAL_CONVERSION = YES;
				CLANG_WARN_OBJC_ROOT_CLASS = YES_ERROR;
				CLANG_WARN_QUOTED_INCLUDE_IN_FRAMEWORK_HEADER = YES;
				CLANG_WARN_RANGE_LOOP_ANALYSIS = YES;
				CLANG_WARN_STRICT_PROTOTYPES = YES;
				CLANG_WARN_SUSPICIOUS_MOVE = YES;
				CLANG_WARN_UNGUARDED_AVAILABILITY = YES_AGGRESSIVE;
				CLANG_WARN_UNREACHABLE_CODE = YES;
				CLANG_WARN__DUPLICATE_METHOD_MATCH = YES;
				COPY_PHASE_STRIP = NO;
				DEBUG_INFORMATION_FORMAT = "dwarf-with-dsym";
				ENABLE_NS_ASSERTIONS = NO;
				ENABLE_STRICT_OBJC_MSGSEND = YES;
				GCC_C_LANGUAGE_STANDARD = gnu11;
				GCC_NO_COMMON_BLOCKS = YES;
				GCC_WARN_64_TO_32_BIT_CONVERSION = YES;
				GCC_WARN_ABOUT_RETURN_TYPE = YES_ERROR;
				GCC_WARN_UNDECLARED_SELECTOR = YES;
				GCC_WARN_UNINITIALIZED_AUTOS = YES_AGGRESSIVE;
				GCC_WARN_UNUSED_FUNCTION = YES;
				GCC_WARN_UNUSED_VARIABLE = YES;
				IPHONEOS_DEPLOYMENT_TARGET = 14.3;
				MTL_ENABLE_DEBUG_INFO = NO;
				MTL_FAST_MATH = YES;
				SDKROOT = iphoneos;
				SWIFT_COMPILATION_MODE = wholemodule;
				SWIFT_OPTIMIZATION_LEVEL = "-O";
				VALIDATE_PRODUCT = YES;
			};
			name = Release;
		};
		860BEC7A25A9442A00B3D699 /* Debug */ = {
			isa = XCBuildConfiguration;
			baseConfigurationReference = 69C45F9979AB7B6685111A79 /* Pods-PlantersHandbook.debug.xcconfig */;
			buildSettings = {
				ASSETCATALOG_COMPILER_APPICON_NAME = AppIcon;
				ASSETCATALOG_COMPILER_GLOBAL_ACCENT_COLOR_NAME = AccentColor;
				CODE_SIGN_STYLE = Automatic;
				DEVELOPMENT_TEAM = 7J77DP9MR3;
				INFOPLIST_FILE = PlantersHandbook/Info.plist;
				LD_RUNPATH_SEARCH_PATHS = (
					"$(inherited)",
					"@executable_path/Frameworks",
				);
				PRODUCT_BUNDLE_IDENTIFIER = Gadzinski.PlantersHandbook;
				PRODUCT_NAME = "$(TARGET_NAME)";
				SWIFT_VERSION = 5.0;
				TARGETED_DEVICE_FAMILY = "1,2";
			};
			name = Debug;
		};
		860BEC7B25A9442A00B3D699 /* Release */ = {
			isa = XCBuildConfiguration;
			baseConfigurationReference = 6BC72DDD83592BC2123FED2C /* Pods-PlantersHandbook.release.xcconfig */;
			buildSettings = {
				ASSETCATALOG_COMPILER_APPICON_NAME = AppIcon;
				ASSETCATALOG_COMPILER_GLOBAL_ACCENT_COLOR_NAME = AccentColor;
				CODE_SIGN_STYLE = Automatic;
				DEVELOPMENT_TEAM = 7J77DP9MR3;
				INFOPLIST_FILE = PlantersHandbook/Info.plist;
				LD_RUNPATH_SEARCH_PATHS = (
					"$(inherited)",
					"@executable_path/Frameworks",
				);
				PRODUCT_BUNDLE_IDENTIFIER = Gadzinski.PlantersHandbook;
				PRODUCT_NAME = "$(TARGET_NAME)";
				SWIFT_VERSION = 5.0;
				TARGETED_DEVICE_FAMILY = "1,2";
			};
			name = Release;
		};
		860BEC7D25A9442A00B3D699 /* Debug */ = {
			isa = XCBuildConfiguration;
			buildSettings = {
				ALWAYS_EMBED_SWIFT_STANDARD_LIBRARIES = YES;
				BUNDLE_LOADER = "$(TEST_HOST)";
				CODE_SIGN_STYLE = Automatic;
				DEVELOPMENT_TEAM = 7J77DP9MR3;
				INFOPLIST_FILE = PlantersHandbookTests/Info.plist;
				IPHONEOS_DEPLOYMENT_TARGET = 14.3;
				LD_RUNPATH_SEARCH_PATHS = (
					"$(inherited)",
					"@executable_path/Frameworks",
					"@loader_path/Frameworks",
				);
				PRODUCT_BUNDLE_IDENTIFIER = Gadzinski.PlantersHandbookTests;
				PRODUCT_NAME = "$(TARGET_NAME)";
				SWIFT_VERSION = 5.0;
				TARGETED_DEVICE_FAMILY = "1,2";
				TEST_HOST = "$(BUILT_PRODUCTS_DIR)/PlantersHandbook.app/PlantersHandbook";
			};
			name = Debug;
		};
		860BEC7E25A9442A00B3D699 /* Release */ = {
			isa = XCBuildConfiguration;
			buildSettings = {
				ALWAYS_EMBED_SWIFT_STANDARD_LIBRARIES = YES;
				BUNDLE_LOADER = "$(TEST_HOST)";
				CODE_SIGN_STYLE = Automatic;
				DEVELOPMENT_TEAM = 7J77DP9MR3;
				INFOPLIST_FILE = PlantersHandbookTests/Info.plist;
				IPHONEOS_DEPLOYMENT_TARGET = 14.3;
				LD_RUNPATH_SEARCH_PATHS = (
					"$(inherited)",
					"@executable_path/Frameworks",
					"@loader_path/Frameworks",
				);
				PRODUCT_BUNDLE_IDENTIFIER = Gadzinski.PlantersHandbookTests;
				PRODUCT_NAME = "$(TARGET_NAME)";
				SWIFT_VERSION = 5.0;
				TARGETED_DEVICE_FAMILY = "1,2";
				TEST_HOST = "$(BUILT_PRODUCTS_DIR)/PlantersHandbook.app/PlantersHandbook";
			};
			name = Release;
		};
		860BEC8025A9442A00B3D699 /* Debug */ = {
			isa = XCBuildConfiguration;
			buildSettings = {
				ALWAYS_EMBED_SWIFT_STANDARD_LIBRARIES = YES;
				CODE_SIGN_STYLE = Automatic;
				DEVELOPMENT_TEAM = 7J77DP9MR3;
				INFOPLIST_FILE = PlantersHandbookUITests/Info.plist;
				LD_RUNPATH_SEARCH_PATHS = (
					"$(inherited)",
					"@executable_path/Frameworks",
					"@loader_path/Frameworks",
				);
				PRODUCT_BUNDLE_IDENTIFIER = Gadzinski.PlantersHandbookUITests;
				PRODUCT_NAME = "$(TARGET_NAME)";
				SWIFT_VERSION = 5.0;
				TARGETED_DEVICE_FAMILY = "1,2";
				TEST_TARGET_NAME = PlantersHandbook;
			};
			name = Debug;
		};
		860BEC8125A9442A00B3D699 /* Release */ = {
			isa = XCBuildConfiguration;
			buildSettings = {
				ALWAYS_EMBED_SWIFT_STANDARD_LIBRARIES = YES;
				CODE_SIGN_STYLE = Automatic;
				DEVELOPMENT_TEAM = 7J77DP9MR3;
				INFOPLIST_FILE = PlantersHandbookUITests/Info.plist;
				LD_RUNPATH_SEARCH_PATHS = (
					"$(inherited)",
					"@executable_path/Frameworks",
					"@loader_path/Frameworks",
				);
				PRODUCT_BUNDLE_IDENTIFIER = Gadzinski.PlantersHandbookUITests;
				PRODUCT_NAME = "$(TARGET_NAME)";
				SWIFT_VERSION = 5.0;
				TARGETED_DEVICE_FAMILY = "1,2";
				TEST_TARGET_NAME = PlantersHandbook;
			};
			name = Release;
		};
/* End XCBuildConfiguration section */

/* Begin XCConfigurationList section */
		860BEC4A25A9442700B3D699 /* Build configuration list for PBXProject "PlantersHandbook" */ = {
			isa = XCConfigurationList;
			buildConfigurations = (
				860BEC7725A9442A00B3D699 /* Debug */,
				860BEC7825A9442A00B3D699 /* Release */,
			);
			defaultConfigurationIsVisible = 0;
			defaultConfigurationName = Release;
		};
		860BEC7925A9442A00B3D699 /* Build configuration list for PBXNativeTarget "PlantersHandbook" */ = {
			isa = XCConfigurationList;
			buildConfigurations = (
				860BEC7A25A9442A00B3D699 /* Debug */,
				860BEC7B25A9442A00B3D699 /* Release */,
			);
			defaultConfigurationIsVisible = 0;
			defaultConfigurationName = Release;
		};
		860BEC7C25A9442A00B3D699 /* Build configuration list for PBXNativeTarget "PlantersHandbookTests" */ = {
			isa = XCConfigurationList;
			buildConfigurations = (
				860BEC7D25A9442A00B3D699 /* Debug */,
				860BEC7E25A9442A00B3D699 /* Release */,
			);
			defaultConfigurationIsVisible = 0;
			defaultConfigurationName = Release;
		};
		860BEC7F25A9442A00B3D699 /* Build configuration list for PBXNativeTarget "PlantersHandbookUITests" */ = {
			isa = XCConfigurationList;
			buildConfigurations = (
				860BEC8025A9442A00B3D699 /* Debug */,
				860BEC8125A9442A00B3D699 /* Release */,
			);
			defaultConfigurationIsVisible = 0;
			defaultConfigurationName = Release;
		};
/* End XCConfigurationList section */
	};
	rootObject = 860BEC4725A9442700B3D699 /* Project object */;
}
